
Microsoft Visual Studio Solution File, Format Version 12.00
Project("{FAE04EC0-301F-11D3-BF4B-00C04F79EFBC}") = "MA.SlotService.Host", "MA.SlotService.Host\MA.SlotService.Host.csproj", "{966DCED3-1CF6-49D4-BC0C-ABA0B18026A1}"
EndProject
Project("{FAE04EC0-301F-11D3-BF4B-00C04F79EFBC}") = "MA.SlotService.Api", "MA.SlotService.Api\MA.SlotService.Api.csproj", "{C0901F3D-E3AA-4159-92D3-82674CFBC8F3}"
EndProject
Project("{FAE04EC0-301F-11D3-BF4B-00C04F79EFBC}") = "MA.SlotService.Application", "MA.SlotService.Application\MA.SlotService.Application.csproj", "{3E74687A-8E3C-4CC7-9325-9A1D56A8FB31}"
EndProject
Project("{FAE04EC0-301F-11D3-BF4B-00C04F79EFBC}") = "MA.SlotService.Application.Abstractions", "MA.SlotService.Application.Abstractions\MA.SlotService.Application.Abstractions.csproj", "{CE71B1E9-E828-465A-8A0B-86F2180C0A59}"
EndProject
Project("{FAE04EC0-301F-11D3-BF4B-00C04F79EFBC}") = "MA.SlotService.Infrastructure.DataAccess.Redis", "MA.SlotService.Infrastructure.DataAccess.Redis\MA.SlotService.Infrastructure.DataAccess.Redis.csproj", "{3070C989-FE7F-4DFB-A456-5A55E0B6EDB1}"
EndProject
Project("{2150E333-8FDC-42A3-9474-1A3956D46DE8}") = "tests", "tests", "{E39C8AB2-FF3E-450B-A9FE-0561EA81D938}"
EndProject
Project("{FAE04EC0-301F-11D3-BF4B-00C04F79EFBC}") = "MA.SlotService.Application.Tests", "tests\MA.SlotService.Application.Tests\MA.SlotService.Application.Tests.csproj", "{589D0333-9B5C-4377-8C81-1AD2B56B00EC}"
EndProject
Project("{FAE04EC0-301F-11D3-BF4B-00C04F79EFBC}") = "MA.SlotService.Infrastructure.Randomization", "MA.SlotService.Infrastructure.Randomization\MA.SlotService.Infrastructure.Randomization.csproj", "{33F26896-86BB-463A-86EA-1B4D52838D30}"
EndProject
Project("{FAE04EC0-301F-11D3-BF4B-00C04F79EFBC}") = "MA.SlotService.Infrastructure.Messaging", "MA.SlotService.Infrastructure.Messaging\MA.SlotService.Infrastructure.Messaging.csproj", "{DD3D0E1D-B364-4B5C-BDB4-31429243BB5D}"
EndProject
Project("{FAE04EC0-301F-11D3-BF4B-00C04F79EFBC}") = "MA.SlotService.Contracts", "MA.SlotService.Contracts\MA.SlotService.Contracts.csproj", "{6C7B003B-7618-4587-AA5B-96353121AD2E}"
EndProject
Project("{FAE04EC0-301F-11D3-BF4B-00C04F79EFBC}") = "MA.SlotService.IntegrationTests", "tests\MA.SlotService.IntegrationTests\MA.SlotService.IntegrationTests.csproj", "{6813AB88-92A0-4FF5-BD62-1D73C49B00E5}"
EndProject
Global
	GlobalSection(SolutionConfigurationPlatforms) = preSolution
		Debug|Any CPU = Debug|Any CPU
		Release|Any CPU = Release|Any CPU
	EndGlobalSection
	GlobalSection(ProjectConfigurationPlatforms) = postSolution
		{966DCED3-1CF6-49D4-BC0C-ABA0B18026A1}.Debug|Any CPU.ActiveCfg = Debug|Any CPU
		{966DCED3-1CF6-49D4-BC0C-ABA0B18026A1}.Debug|Any CPU.Build.0 = Debug|Any CPU
		{966DCED3-1CF6-49D4-BC0C-ABA0B18026A1}.Release|Any CPU.ActiveCfg = Release|Any CPU
		{966DCED3-1CF6-49D4-BC0C-ABA0B18026A1}.Release|Any CPU.Build.0 = Release|Any CPU
		{C0901F3D-E3AA-4159-92D3-82674CFBC8F3}.Debug|Any CPU.ActiveCfg = Debug|Any CPU
		{C0901F3D-E3AA-4159-92D3-82674CFBC8F3}.Debug|Any CPU.Build.0 = Debug|Any CPU
		{C0901F3D-E3AA-4159-92D3-82674CFBC8F3}.Release|Any CPU.ActiveCfg = Release|Any CPU
		{C0901F3D-E3AA-4159-92D3-82674CFBC8F3}.Release|Any CPU.Build.0 = Release|Any CPU
		{3E74687A-8E3C-4CC7-9325-9A1D56A8FB31}.Debug|Any CPU.ActiveCfg = Debug|Any CPU
		{3E74687A-8E3C-4CC7-9325-9A1D56A8FB31}.Debug|Any CPU.Build.0 = Debug|Any CPU
		{3E74687A-8E3C-4CC7-9325-9A1D56A8FB31}.Release|Any CPU.ActiveCfg = Release|Any CPU
		{3E74687A-8E3C-4CC7-9325-9A1D56A8FB31}.Release|Any CPU.Build.0 = Release|Any CPU
		{CE71B1E9-E828-465A-8A0B-86F2180C0A59}.Debug|Any CPU.ActiveCfg = Debug|Any CPU
		{CE71B1E9-E828-465A-8A0B-86F2180C0A59}.Debug|Any CPU.Build.0 = Debug|Any CPU
		{CE71B1E9-E828-465A-8A0B-86F2180C0A59}.Release|Any CPU.ActiveCfg = Release|Any CPU
		{CE71B1E9-E828-465A-8A0B-86F2180C0A59}.Release|Any CPU.Build.0 = Release|Any CPU
		{3070C989-FE7F-4DFB-A456-5A55E0B6EDB1}.Debug|Any CPU.ActiveCfg = Debug|Any CPU
		{3070C989-FE7F-4DFB-A456-5A55E0B6EDB1}.Debug|Any CPU.Build.0 = Debug|Any CPU
		{3070C989-FE7F-4DFB-A456-5A55E0B6EDB1}.Release|Any CPU.ActiveCfg = Release|Any CPU
		{3070C989-FE7F-4DFB-A456-5A55E0B6EDB1}.Release|Any CPU.Build.0 = Release|Any CPU
		{589D0333-9B5C-4377-8C81-1AD2B56B00EC}.Debug|Any CPU.ActiveCfg = Debug|Any CPU
		{589D0333-9B5C-4377-8C81-1AD2B56B00EC}.Debug|Any CPU.Build.0 = Debug|Any CPU
		{589D0333-9B5C-4377-8C81-1AD2B56B00EC}.Release|Any CPU.ActiveCfg = Release|Any CPU
		{589D0333-9B5C-4377-8C81-1AD2B56B00EC}.Release|Any CPU.Build.0 = Release|Any CPU
		{33F26896-86BB-463A-86EA-1B4D52838D30}.Debug|Any CPU.ActiveCfg = Debug|Any CPU
		{33F26896-86BB-463A-86EA-1B4D52838D30}.Debug|Any CPU.Build.0 = Debug|Any CPU
		{33F26896-86BB-463A-86EA-1B4D52838D30}.Release|Any CPU.ActiveCfg = Release|Any CPU
		{33F26896-86BB-463A-86EA-1B4D52838D30}.Release|Any CPU.Build.0 = Release|Any CPU
		{DD3D0E1D-B364-4B5C-BDB4-31429243BB5D}.Debug|Any CPU.ActiveCfg = Debug|Any CPU
		{DD3D0E1D-B364-4B5C-BDB4-31429243BB5D}.Debug|Any CPU.Build.0 = Debug|Any CPU
		{DD3D0E1D-B364-4B5C-BDB4-31429243BB5D}.Release|Any CPU.ActiveCfg = Release|Any CPU
		{DD3D0E1D-B364-4B5C-BDB4-31429243BB5D}.Release|Any CPU.Build.0 = Release|Any CPU
		{6C7B003B-7618-4587-AA5B-96353121AD2E}.Debug|Any CPU.ActiveCfg = Debug|Any CPU
		{6C7B003B-7618-4587-AA5B-96353121AD2E}.Debug|Any CPU.Build.0 = Debug|Any CPU
		{6C7B003B-7618-4587-AA5B-96353121AD2E}.Release|Any CPU.ActiveCfg = Release|Any CPU
		{6C7B003B-7618-4587-AA5B-96353121AD2E}.Release|Any CPU.Build.0 = Release|Any CPU
		{6813AB88-92A0-4FF5-BD62-1D73C49B00E5}.Debug|Any CPU.ActiveCfg = Debug|Any CPU
		{6813AB88-92A0-4FF5-BD62-1D73C49B00E5}.Debug|Any CPU.Build.0 = Debug|Any CPU
		{6813AB88-92A0-4FF5-BD62-1D73C49B00E5}.Release|Any CPU.ActiveCfg = Release|Any CPU
		{6813AB88-92A0-4FF5-BD62-1D73C49B00E5}.Release|Any CPU.Build.0 = Release|Any CPU
	EndGlobalSection
	GlobalSection(NestedProjects) = preSolution
		{589D0333-9B5C-4377-8C81-1AD2B56B00EC} = {E39C8AB2-FF3E-450B-A9FE-0561EA81D938}
		{6813AB88-92A0-4FF5-BD62-1D73C49B00E5} = {E39C8AB2-FF3E-450B-A9FE-0561EA81D938}
	EndGlobalSection
EndGlobal
